
Microsoft Visual Studio Solution File, Format Version 12.00
# Visual Studio 15
VisualStudioVersion = 15.0.27703.2000
MinimumVisualStudioVersion = 10.0.40219.1
Project("{2150E333-8FDC-42A3-9474-1A3956D46DE8}") = "Solution Items", "Solution Items", "{5CC092EC-28CA-42BC-87AE-A81B0BD9877C}"
	ProjectSection(SolutionItems) = preProject
		README.md = README.md
	EndProjectSection
EndProject
Project("{9A19103F-16F7-4668-BE54-9A1E7A4F7556}") = "Edms.Core", "Edms.Core\Edms.Core.csproj", "{97DCE6C5-341A-4C15-83F7-51B9378EA136}"
EndProject
Project("{FAE04EC0-301F-11D3-BF4B-00C04F79EFBC}") = "Edms.Kore", "Edms.Kore\Edms.Kore.csproj", "{A35B33F7-04E9-4F1A-85F5-A8BCF3CE6829}"
EndProject
Global
	GlobalSection(SolutionConfigurationPlatforms) = preSolution
		Debug|Any CPU = Debug|Any CPU
		Release|Any CPU = Release|Any CPU
	EndGlobalSection
	GlobalSection(ProjectConfigurationPlatforms) = postSolution
		{97DCE6C5-341A-4C15-83F7-51B9378EA136}.Debug|Any CPU.ActiveCfg = Debug|Any CPU
		{97DCE6C5-341A-4C15-83F7-51B9378EA136}.Debug|Any CPU.Build.0 = Debug|Any CPU
		{97DCE6C5-341A-4C15-83F7-51B9378EA136}.Release|Any CPU.ActiveCfg = Release|Any CPU
		{97DCE6C5-341A-4C15-83F7-51B9378EA136}.Release|Any CPU.Build.0 = Release|Any CPU
		{A35B33F7-04E9-4F1A-85F5-A8BCF3CE6829}.Debug|Any CPU.ActiveCfg = Debug|Any CPU
		{A35B33F7-04E9-4F1A-85F5-A8BCF3CE6829}.Debug|Any CPU.Build.0 = Debug|Any CPU
		{A35B33F7-04E9-4F1A-85F5-A8BCF3CE6829}.Release|Any CPU.ActiveCfg = Release|Any CPU
		{A35B33F7-04E9-4F1A-85F5-A8BCF3CE6829}.Release|Any CPU.Build.0 = Release|Any CPU
	EndGlobalSection
	GlobalSection(SolutionProperties) = preSolution
		HideSolutionNode = FALSE
	EndGlobalSection
	GlobalSection(ExtensibilityGlobals) = postSolution
		SolutionGuid = {FE6DF0C9-08CF-41D5-B424-5C793B712256}
	EndGlobalSection
EndGlobal
